
Microsoft Visual Studio Solution File, Format Version 12.00
# Visual Studio Version 16
VisualStudioVersion = 16.0.31410.357
MinimumVisualStudioVersion = 10.0.40219.1
Project("{FAE04EC0-301F-11D3-BF4B-00C04F79EFBC}") = "CRUDOperationUsingJqueryAjax", "CRUDOperationUsingJqueryAjax.csproj", "{5D1CED23-5567-470E-B388-797C2AA0FC71}"
EndProject
Global
	GlobalSection(SolutionConfigurationPlatforms) = preSolution
		Debug|Any CPU = Debug|Any CPU
		Release|Any CPU = Release|Any CPU
	EndGlobalSection
	GlobalSection(ProjectConfigurationPlatforms) = postSolution
		{5D1CED23-5567-470E-B388-797C2AA0FC71}.Debug|Any CPU.ActiveCfg = Debug|Any CPU
		{5D1CED23-5567-470E-B388-797C2AA0FC71}.Debug|Any CPU.Build.0 = Debug|Any CPU
		{5D1CED23-5567-470E-B388-797C2AA0FC71}.Release|Any CPU.ActiveCfg = Release|Any CPU
		{5D1CED23-5567-470E-B388-797C2AA0FC71}.Release|Any CPU.Build.0 = Release|Any CPU
	EndGlobalSection
	GlobalSection(SolutionProperties) = preSolution
		HideSolutionNode = FALSE
	EndGlobalSection
	GlobalSection(ExtensibilityGlobals) = postSolution
		SolutionGuid = {B00F9969-D5D7-4076-83C3-8EFC4CF22D96}
	EndGlobalSection
EndGlobal
